// !$*UTF8*$!
{
	archiveVersion = 1;
	classes = {
	};
	objectVersion = 50;
	objects = {

/* Begin PBXBuildFile section */
		414C44A0225DE1BF00E9B5D1 /* BoxueAppDepedencyContainer.swift in Sources */ = {isa = PBXBuildFile; fileRef = 414C449F225DE1BF00E9B5D1 /* BoxueAppDepedencyContainer.swift */; };
		414C44A5225DE27700E9B5D1 /* NiblessViewController.swift in Sources */ = {isa = PBXBuildFile; fileRef = 414C44A4225DE27700E9B5D1 /* NiblessViewController.swift */; };
		414C44A7225DE5DE00E9B5D1 /* NiblessNavigationController.swift in Sources */ = {isa = PBXBuildFile; fileRef = 414C44A6225DE5DE00E9B5D1 /* NiblessNavigationController.swift */; };
		414C44A9225DE67100E9B5D1 /* NiblessView.swift in Sources */ = {isa = PBXBuildFile; fileRef = 414C44A8225DE67100E9B5D1 /* NiblessView.swift */; };
		414C44AB225DE74E00E9B5D1 /* LaunchViewController.swift in Sources */ = {isa = PBXBuildFile; fileRef = 414C44AA225DE74E00E9B5D1 /* LaunchViewController.swift */; };
		414C44B1225DE7A700E9B5D1 /* LaunchViewModel.swift in Sources */ = {isa = PBXBuildFile; fileRef = 414C44B0225DE7A700E9B5D1 /* LaunchViewModel.swift */; };
		414C44B3225DE7D900E9B5D1 /* UserSessionRepository.swift in Sources */ = {isa = PBXBuildFile; fileRef = 414C44B2225DE7D900E9B5D1 /* UserSessionRepository.swift */; };
		414C44B7225DE8DE00E9B5D1 /* UserSession.swift in Sources */ = {isa = PBXBuildFile; fileRef = 414C44B6225DE8DE00E9B5D1 /* UserSession.swift */; };
		414C44B9225DE92200E9B5D1 /* NewAccount.swift in Sources */ = {isa = PBXBuildFile; fileRef = 414C44B8225DE92200E9B5D1 /* NewAccount.swift */; };
		414C44BB225DE97B00E9B5D1 /* Secret.swift in Sources */ = {isa = PBXBuildFile; fileRef = 414C44BA225DE97B00E9B5D1 /* Secret.swift */; };
		414C44BE225DEA8400E9B5D1 /* Flag.swift in Sources */ = {isa = PBXBuildFile; fileRef = 414C44BD225DEA8400E9B5D1 /* Flag.swift */; };
		414C44C0225DEAE800E9B5D1 /* GuideResponder.swift in Sources */ = {isa = PBXBuildFile; fileRef = 414C44BF225DEAE800E9B5D1 /* GuideResponder.swift */; };
		414C44C2225DEB1500E9B5D1 /* BrowseResponder.swift in Sources */ = {isa = PBXBuildFile; fileRef = 414C44C1225DEB1500E9B5D1 /* BrowseResponder.swift */; };
		414C44C4225DEB5500E9B5D1 /* LogMessage.swift in Sources */ = {isa = PBXBuildFile; fileRef = 414C44C3225DEB5500E9B5D1 /* LogMessage.swift */; };
		414C44C7225DEDF000E9B5D1 /* LaunchAndWelcomeView.swift in Sources */ = {isa = PBXBuildFile; fileRef = 414C44C6225DEDF000E9B5D1 /* LaunchAndWelcomeView.swift */; };
		414C44CA225DF29000E9B5D1 /* Color.swift in Sources */ = {isa = PBXBuildFile; fileRef = 414C44C9225DF29000E9B5D1 /* Color.swift */; };
		414C44CC225DF33600E9B5D1 /* UIColor_Ext.swift in Sources */ = {isa = PBXBuildFile; fileRef = 414C44CB225DF33600E9B5D1 /* UIColor_Ext.swift */; };
		414C44CE225DFB7000E9B5D1 /* String_Localized.swift in Sources */ = {isa = PBXBuildFile; fileRef = 414C44CD225DFB7000E9B5D1 /* String_Localized.swift */; };
		414C44D1225E07F900E9B5D1 /* UIFont_Trait.swift in Sources */ = {isa = PBXBuildFile; fileRef = 414C44D0225E07F900E9B5D1 /* UIFont_Trait.swift */; };
		416F295322647CD90015ED61 /* BoxueDataKit.framework in Frameworks */ = {isa = PBXBuildFile; fileRef = 41C2FCF22254BE9C00CD7977 /* BoxueDataKit.framework */; };
		416F295422647F300015ED61 /* PromiseKit.framework in Frameworks */ = {isa = PBXBuildFile; fileRef = 41C2FD022254C5EE00CD7977 /* PromiseKit.framework */; };
		416F295522647F3E0015ED61 /* RxSwift.framework in Frameworks */ = {isa = PBXBuildFile; fileRef = 41C2FD062254C61F00CD7977 /* RxSwift.framework */; };
		416F295822647F740015ED61 /* PromiseKit.framework in Frameworks */ = {isa = PBXBuildFile; fileRef = 41C2FD022254C5EE00CD7977 /* PromiseKit.framework */; };
		416F295922647F840015ED61 /* RxSwift.framework in Frameworks */ = {isa = PBXBuildFile; fileRef = 41C2FD062254C61F00CD7977 /* RxSwift.framework */; };
		416F295F226481AB0015ED61 /* LaunchRootView.swift in Sources */ = {isa = PBXBuildFile; fileRef = 416F295E226481AB0015ED61 /* LaunchRootView.swift */; };
		416F29612264825A0015ED61 /* MainViewController.swift in Sources */ = {isa = PBXBuildFile; fileRef = 416F29602264825A0015ED61 /* MainViewController.swift */; };
		416F29632264827E0015ED61 /* MainRootView.swift in Sources */ = {isa = PBXBuildFile; fileRef = 416F29622264827E0015ED61 /* MainRootView.swift */; };
		416F2965226485730015ED61 /* MainViewModel.swift in Sources */ = {isa = PBXBuildFile; fileRef = 416F2964226485730015ED61 /* MainViewModel.swift */; };
		416F2967226485CF0015ED61 /* MainViewStatus.swift in Sources */ = {isa = PBXBuildFile; fileRef = 416F2966226485CF0015ED61 /* MainViewStatus.swift */; };
		416F296A22655ADB0015ED61 /* DissolveAnimator.swift in Sources */ = {isa = PBXBuildFile; fileRef = 416F296922655ADB0015ED61 /* DissolveAnimator.swift */; };
		416F296E22655C420015ED61 /* GuideViewController.swift in Sources */ = {isa = PBXBuildFile; fileRef = 416F296D22655C420015ED61 /* GuideViewController.swift */; };
		416F297022655C4D0015ED61 /* BrowseViewController.swift in Sources */ = {isa = PBXBuildFile; fileRef = 416F296F22655C4D0015ED61 /* BrowseViewController.swift */; };
		416F29722265618C0015ED61 /* UIViewController_Ext.swift in Sources */ = {isa = PBXBuildFile; fileRef = 416F29712265618C0015ED61 /* UIViewController_Ext.swift */; };
		416F297422656C650015ED61 /* BoxueUserSessionRepository.swift in Sources */ = {isa = PBXBuildFile; fileRef = 416F297322656C650015ED61 /* BoxueUserSessionRepository.swift */; };
		416F297A22656CE70015ED61 /* UserSessionStore.swift in Sources */ = {isa = PBXBuildFile; fileRef = 416F297922656CE70015ED61 /* UserSessionStore.swift */; };
		416F297D22656D6C0015ED61 /* AuthRemoteAPI.swift in Sources */ = {isa = PBXBuildFile; fileRef = 416F297C22656D6C0015ED61 /* AuthRemoteAPI.swift */; };
		416F297F22656FA40015ED61 /* FakeUserSessionStore.swift in Sources */ = {isa = PBXBuildFile; fileRef = 416F297E22656FA40015ED61 /* FakeUserSessionStore.swift */; };
		416F29812265708B0015ED61 /* DataKitError.swift in Sources */ = {isa = PBXBuildFile; fileRef = 416F29802265708B0015ED61 /* DataKitError.swift */; };
		416F2983226570BA0015ED61 /* UserProfile.swift in Sources */ = {isa = PBXBuildFile; fileRef = 416F2982226570BA0015ED61 /* UserProfile.swift */; };
		416F2986226571550015ED61 /* FakeAuthRemoteAPI.swift in Sources */ = {isa = PBXBuildFile; fileRef = 416F2985226571550015ED61 /* FakeAuthRemoteAPI.swift */; };
		416F2988226571D70015ED61 /* FakeURL.swift in Sources */ = {isa = PBXBuildFile; fileRef = 416F2987226571D70015ED61 /* FakeURL.swift */; };
		416F298A226572690015ED61 /* RemoteUserSession.swift in Sources */ = {isa = PBXBuildFile; fileRef = 416F2989226572690015ED61 /* RemoteUserSession.swift */; };
		416F298B226575C30015ED61 /* BoxueUIKit.framework in Frameworks */ = {isa = PBXBuildFile; fileRef = 41C2FCE12254BE9300CD7977 /* BoxueUIKit.framework */; };
		416F298C226575D00015ED61 /* BoxueDataKit.framework in Frameworks */ = {isa = PBXBuildFile; fileRef = 41C2FCF22254BE9C00CD7977 /* BoxueDataKit.framework */; };
		41780A0A2265C66B00F22B32 /* BoxueGuideDependencyContainer.swift in Sources */ = {isa = PBXBuildFile; fileRef = 41780A092265C66B00F22B32 /* BoxueGuideDependencyContainer.swift */; };
		41780A0C2265C6E900F22B32 /* GuideViewModel.swift in Sources */ = {isa = PBXBuildFile; fileRef = 41780A0B2265C6E900F22B32 /* GuideViewModel.swift */; };
		41780A132265C7E200F22B32 /* NavigationAction.swift in Sources */ = {isa = PBXBuildFile; fileRef = 41780A122265C7E200F22B32 /* NavigationAction.swift */; };
		41780A152265C87600F22B32 /* GuideViewStatus.swift in Sources */ = {isa = PBXBuildFile; fileRef = 41780A142265C87600F22B32 /* GuideViewStatus.swift */; };
		41780A172265C8F900F22B32 /* NavigateToSignIn.swift in Sources */ = {isa = PBXBuildFile; fileRef = 41780A162265C8F900F22B32 /* NavigateToSignIn.swift */; };
		41780A192265C91E00F22B32 /* NavigateToSignUp.swift in Sources */ = {isa = PBXBuildFile; fileRef = 41780A182265C91E00F22B32 /* NavigateToSignUp.swift */; };
		41780A1B2265C93600F22B32 /* NavigateToContactUs.swift in Sources */ = {isa = PBXBuildFile; fileRef = 41780A1A2265C93600F22B32 /* NavigateToContactUs.swift */; };
		41780A1D2265C95600F22B32 /* NavigateToResetPassword.swift in Sources */ = {isa = PBXBuildFile; fileRef = 41780A1C2265C95600F22B32 /* NavigateToResetPassword.swift */; };
		41780A1F2265C97100F22B32 /* NavigateToRequestNotification.swift in Sources */ = {isa = PBXBuildFile; fileRef = 41780A1E2265C97100F22B32 /* NavigateToRequestNotification.swift */; };
		41780A262265CB8500F22B32 /* WelcomeViewController.swift in Sources */ = {isa = PBXBuildFile; fileRef = 41780A252265CB8500F22B32 /* WelcomeViewController.swift */; };
		41780A282265CCC700F22B32 /* WelcomeViewModel.swift in Sources */ = {isa = PBXBuildFile; fileRef = 41780A272265CCC700F22B32 /* WelcomeViewModel.swift */; };
		41780A2A2265CD8E00F22B32 /* UNUserNotificationCenter+Promise.swift in Sources */ = {isa = PBXBuildFile; fileRef = 41780A292265CD8E00F22B32 /* UNUserNotificationCenter+Promise.swift */; };
		41780A2C2265F22900F22B32 /* WelcomeRootView.swift in Sources */ = {isa = PBXBuildFile; fileRef = 41780A2B2265F22900F22B32 /* WelcomeRootView.swift */; };
		41780A2E2266FEB300F22B32 /* SignInViewController.swift in Sources */ = {isa = PBXBuildFile; fileRef = 41780A2D2266FEB300F22B32 /* SignInViewController.swift */; };
		41780A302266FF4E00F22B32 /* SignInViewModel.swift in Sources */ = {isa = PBXBuildFile; fileRef = 41780A2F2266FF4E00F22B32 /* SignInViewModel.swift */; };
		41780A32226701D100F22B32 /* ErrorMessage.swift in Sources */ = {isa = PBXBuildFile; fileRef = 41780A31226701D100F22B32 /* ErrorMessage.swift */; };
		41780A342267089E00F22B32 /* SignInRootView.swift in Sources */ = {isa = PBXBuildFile; fileRef = 41780A332267089E00F22B32 /* SignInRootView.swift */; };
		41780A362267391E00F22B32 /* SignUpViewController.swift in Sources */ = {isa = PBXBuildFile; fileRef = 41780A352267391E00F22B32 /* SignUpViewController.swift */; };
		41780A382267394900F22B32 /* ContactUsViewController.swift in Sources */ = {isa = PBXBuildFile; fileRef = 41780A372267394900F22B32 /* ContactUsViewController.swift */; };
		41780A3A22673C5900F22B32 /* ResetPasswordViewController.swift in Sources */ = {isa = PBXBuildFile; fileRef = 41780A3922673C5900F22B32 /* ResetPasswordViewController.swift */; };
		41780A3C22673DD300F22B32 /* NotificationViewModel.swift in Sources */ = {isa = PBXBuildFile; fileRef = 41780A3B22673DD300F22B32 /* NotificationViewModel.swift */; };
		41780A3E22673F0000F22B32 /* RequestNotificationRootView.swift in Sources */ = {isa = PBXBuildFile; fileRef = 41780A3D22673F0000F22B32 /* RequestNotificationRootView.swift */; };
		41780A402267453700F22B32 /* RequestNotificationViewController.swift in Sources */ = {isa = PBXBuildFile; fileRef = 41780A3F2267453700F22B32 /* RequestNotificationViewController.swift */; };
		41780A422268168000F22B32 /* BoxueSignedInDependencyContainer.swift in Sources */ = {isa = PBXBuildFile; fileRef = 41780A412268168000F22B32 /* BoxueSignedInDependencyContainer.swift */; };
		41780A442268180C00F22B32 /* BrowseViewModel.swift in Sources */ = {isa = PBXBuildFile; fileRef = 41780A432268180C00F22B32 /* BrowseViewModel.swift */; };
		41C2FCB92254BE7000CD7977 /* AppDelegate.swift in Sources */ = {isa = PBXBuildFile; fileRef = 41C2FCB82254BE7000CD7977 /* AppDelegate.swift */; };
		41C2FCC02254BE7100CD7977 /* Assets.xcassets in Resources */ = {isa = PBXBuildFile; fileRef = 41C2FCBF2254BE7100CD7977 /* Assets.xcassets */; };
		41C2FCC32254BE7100CD7977 /* LaunchScreen.storyboard in Resources */ = {isa = PBXBuildFile; fileRef = 41C2FCC12254BE7100CD7977 /* LaunchScreen.storyboard */; };
		41C2FCD32254BE8B00CD7977 /* Boxue_iOS.h in Headers */ = {isa = PBXBuildFile; fileRef = 41C2FCD12254BE8B00CD7977 /* Boxue_iOS.h */; settings = {ATTRIBUTES = (Public, ); }; };
		41C2FCD62254BE8B00CD7977 /* Boxue_iOS.framework in Frameworks */ = {isa = PBXBuildFile; fileRef = 41C2FCCF2254BE8A00CD7977 /* Boxue_iOS.framework */; };
		41C2FCD72254BE8B00CD7977 /* Boxue_iOS.framework in Embed Frameworks */ = {isa = PBXBuildFile; fileRef = 41C2FCCF2254BE8A00CD7977 /* Boxue_iOS.framework */; settings = {ATTRIBUTES = (CodeSignOnCopy, RemoveHeadersOnCopy, ); }; };
		41C2FCE52254BE9300CD7977 /* BoxueUIKit.h in Headers */ = {isa = PBXBuildFile; fileRef = 41C2FCE32254BE9300CD7977 /* BoxueUIKit.h */; settings = {ATTRIBUTES = (Public, ); }; };
		41C2FCE82254BE9300CD7977 /* BoxueUIKit.framework in Frameworks */ = {isa = PBXBuildFile; fileRef = 41C2FCE12254BE9300CD7977 /* BoxueUIKit.framework */; };
		41C2FCE92254BE9300CD7977 /* BoxueUIKit.framework in Embed Frameworks */ = {isa = PBXBuildFile; fileRef = 41C2FCE12254BE9300CD7977 /* BoxueUIKit.framework */; settings = {ATTRIBUTES = (CodeSignOnCopy, RemoveHeadersOnCopy, ); }; };
		41C2FCF62254BE9C00CD7977 /* BoxueDataKit.h in Headers */ = {isa = PBXBuildFile; fileRef = 41C2FCF42254BE9C00CD7977 /* BoxueDataKit.h */; settings = {ATTRIBUTES = (Public, ); }; };
		41C2FCF92254BE9C00CD7977 /* BoxueDataKit.framework in Frameworks */ = {isa = PBXBuildFile; fileRef = 41C2FCF22254BE9C00CD7977 /* BoxueDataKit.framework */; };
		41C2FCFA2254BE9C00CD7977 /* BoxueDataKit.framework in Embed Frameworks */ = {isa = PBXBuildFile; fileRef = 41C2FCF22254BE9C00CD7977 /* BoxueDataKit.framework */; settings = {ATTRIBUTES = (CodeSignOnCopy, RemoveHeadersOnCopy, ); }; };
		41C2FD012254C5E000CD7977 /* Kingfisher.framework in Frameworks */ = {isa = PBXBuildFile; fileRef = 41C2FD002254C5E000CD7977 /* Kingfisher.framework */; };
		41C2FD032254C5EE00CD7977 /* PromiseKit.framework in Frameworks */ = {isa = PBXBuildFile; fileRef = 41C2FD022254C5EE00CD7977 /* PromiseKit.framework */; };
		41C2FD052254C5FA00CD7977 /* RxCocoa.framework in Frameworks */ = {isa = PBXBuildFile; fileRef = 41C2FD042254C5FA00CD7977 /* RxCocoa.framework */; };
		41C2FD072254C61F00CD7977 /* RxSwift.framework in Frameworks */ = {isa = PBXBuildFile; fileRef = 41C2FD062254C61F00CD7977 /* RxSwift.framework */; };
		41C2FD092254C72400CD7977 /* .gitignore in Resources */ = {isa = PBXBuildFile; fileRef = 41C2FD082254C72400CD7977 /* .gitignore */; };
		41C2FD0B2254C73500CD7977 /* Cartfile in Resources */ = {isa = PBXBuildFile; fileRef = 41C2FD0A2254C73500CD7977 /* Cartfile */; };
		41C2FD0F2254C97A00CD7977 /* Localizable.strings in Resources */ = {isa = PBXBuildFile; fileRef = 41C2FD112254C97A00CD7977 /* Localizable.strings */; };
/* End PBXBuildFile section */

/* Begin PBXContainerItemProxy section */
		41C2FCD42254BE8B00CD7977 /* PBXContainerItemProxy */ = {
			isa = PBXContainerItemProxy;
			containerPortal = 41C2FCAD2254BE7000CD7977 /* Project object */;
			proxyType = 1;
			remoteGlobalIDString = 41C2FCCE2254BE8A00CD7977;
			remoteInfo = Boxue_iOS;
		};
		41C2FCE62254BE9300CD7977 /* PBXContainerItemProxy */ = {
			isa = PBXContainerItemProxy;
			containerPortal = 41C2FCAD2254BE7000CD7977 /* Project object */;
			proxyType = 1;
			remoteGlobalIDString = 41C2FCE02254BE9300CD7977;
			remoteInfo = BoxueUIKit;
		};
		41C2FCF72254BE9C00CD7977 /* PBXContainerItemProxy */ = {
			isa = PBXContainerItemProxy;
			containerPortal = 41C2FCAD2254BE7000CD7977 /* Project object */;
			proxyType = 1;
			remoteGlobalIDString = 41C2FCF12254BE9C00CD7977;
			remoteInfo = BoxueDataKit;
		};
/* End PBXContainerItemProxy section */

/* Begin PBXCopyFilesBuildPhase section */
		41C2FCDB2254BE8B00CD7977 /* Embed Frameworks */ = {
			isa = PBXCopyFilesBuildPhase;
			buildActionMask = 2147483647;
			dstPath = "";
			dstSubfolderSpec = 10;
			files = (
				41C2FCD72254BE8B00CD7977 /* Boxue_iOS.framework in Embed Frameworks */,
				41C2FCFA2254BE9C00CD7977 /* BoxueDataKit.framework in Embed Frameworks */,
				41C2FCE92254BE9300CD7977 /* BoxueUIKit.framework in Embed Frameworks */,
			);
			name = "Embed Frameworks";
			runOnlyForDeploymentPostprocessing = 0;
		};
/* End PBXCopyFilesBuildPhase section */

/* Begin PBXFileReference section */
		414C449F225DE1BF00E9B5D1 /* BoxueAppDepedencyContainer.swift */ = {isa = PBXFileReference; lastKnownFileType = sourcecode.swift; path = BoxueAppDepedencyContainer.swift; sourceTree = "<group>"; };
		414C44A4225DE27700E9B5D1 /* NiblessViewController.swift */ = {isa = PBXFileReference; lastKnownFileType = sourcecode.swift; path = NiblessViewController.swift; sourceTree = "<group>"; };
		414C44A6225DE5DE00E9B5D1 /* NiblessNavigationController.swift */ = {isa = PBXFileReference; lastKnownFileType = sourcecode.swift; path = NiblessNavigationController.swift; sourceTree = "<group>"; };
		414C44A8225DE67100E9B5D1 /* NiblessView.swift */ = {isa = PBXFileReference; lastKnownFileType = sourcecode.swift; path = NiblessView.swift; sourceTree = "<group>"; };
		414C44AA225DE74E00E9B5D1 /* LaunchViewController.swift */ = {isa = PBXFileReference; lastKnownFileType = sourcecode.swift; path = LaunchViewController.swift; sourceTree = "<group>"; };
		414C44B0225DE7A700E9B5D1 /* LaunchViewModel.swift */ = {isa = PBXFileReference; lastKnownFileType = sourcecode.swift; path = LaunchViewModel.swift; sourceTree = "<group>"; };
		414C44B2225DE7D900E9B5D1 /* UserSessionRepository.swift */ = {isa = PBXFileReference; lastKnownFileType = sourcecode.swift; path = UserSessionRepository.swift; sourceTree = "<group>"; };
		414C44B6225DE8DE00E9B5D1 /* UserSession.swift */ = {isa = PBXFileReference; lastKnownFileType = sourcecode.swift; path = UserSession.swift; sourceTree = "<group>"; };
		414C44B8225DE92200E9B5D1 /* NewAccount.swift */ = {isa = PBXFileReference; lastKnownFileType = sourcecode.swift; path = NewAccount.swift; sourceTree = "<group>"; };
		414C44BA225DE97B00E9B5D1 /* Secret.swift */ = {isa = PBXFileReference; lastKnownFileType = sourcecode.swift; path = Secret.swift; sourceTree = "<group>"; };
		414C44BD225DEA8400E9B5D1 /* Flag.swift */ = {isa = PBXFileReference; lastKnownFileType = sourcecode.swift; path = Flag.swift; sourceTree = "<group>"; };
		414C44BF225DEAE800E9B5D1 /* GuideResponder.swift */ = {isa = PBXFileReference; lastKnownFileType = sourcecode.swift; path = GuideResponder.swift; sourceTree = "<group>"; };
		414C44C1225DEB1500E9B5D1 /* BrowseResponder.swift */ = {isa = PBXFileReference; lastKnownFileType = sourcecode.swift; path = BrowseResponder.swift; sourceTree = "<group>"; };
		414C44C3225DEB5500E9B5D1 /* LogMessage.swift */ = {isa = PBXFileReference; lastKnownFileType = sourcecode.swift; path = LogMessage.swift; sourceTree = "<group>"; };
		414C44C6225DEDF000E9B5D1 /* LaunchAndWelcomeView.swift */ = {isa = PBXFileReference; lastKnownFileType = sourcecode.swift; path = LaunchAndWelcomeView.swift; sourceTree = "<group>"; };
		414C44C9225DF29000E9B5D1 /* Color.swift */ = {isa = PBXFileReference; lastKnownFileType = sourcecode.swift; path = Color.swift; sourceTree = "<group>"; };
		414C44CB225DF33600E9B5D1 /* UIColor_Ext.swift */ = {isa = PBXFileReference; lastKnownFileType = sourcecode.swift; path = UIColor_Ext.swift; sourceTree = "<group>"; };
		414C44CD225DFB7000E9B5D1 /* String_Localized.swift */ = {isa = PBXFileReference; lastKnownFileType = sourcecode.swift; path = String_Localized.swift; sourceTree = "<group>"; };
		414C44D0225E07F900E9B5D1 /* UIFont_Trait.swift */ = {isa = PBXFileReference; lastKnownFileType = sourcecode.swift; path = UIFont_Trait.swift; sourceTree = "<group>"; };
		416F295E226481AB0015ED61 /* LaunchRootView.swift */ = {isa = PBXFileReference; lastKnownFileType = sourcecode.swift; path = LaunchRootView.swift; sourceTree = "<group>"; };
		416F29602264825A0015ED61 /* MainViewController.swift */ = {isa = PBXFileReference; lastKnownFileType = sourcecode.swift; path = MainViewController.swift; sourceTree = "<group>"; };
		416F29622264827E0015ED61 /* MainRootView.swift */ = {isa = PBXFileReference; lastKnownFileType = sourcecode.swift; path = MainRootView.swift; sourceTree = "<group>"; };
		416F2964226485730015ED61 /* MainViewModel.swift */ = {isa = PBXFileReference; lastKnownFileType = sourcecode.swift; path = MainViewModel.swift; sourceTree = "<group>"; };
		416F2966226485CF0015ED61 /* MainViewStatus.swift */ = {isa = PBXFileReference; lastKnownFileType = sourcecode.swift; path = MainViewStatus.swift; sourceTree = "<group>"; };
		416F296922655ADB0015ED61 /* DissolveAnimator.swift */ = {isa = PBXFileReference; lastKnownFileType = sourcecode.swift; path = DissolveAnimator.swift; sourceTree = "<group>"; };
		416F296D22655C420015ED61 /* GuideViewController.swift */ = {isa = PBXFileReference; lastKnownFileType = sourcecode.swift; path = GuideViewController.swift; sourceTree = "<group>"; };
		416F296F22655C4D0015ED61 /* BrowseViewController.swift */ = {isa = PBXFileReference; lastKnownFileType = sourcecode.swift; path = BrowseViewController.swift; sourceTree = "<group>"; };
		416F29712265618C0015ED61 /* UIViewController_Ext.swift */ = {isa = PBXFileReference; lastKnownFileType = sourcecode.swift; path = UIViewController_Ext.swift; sourceTree = "<group>"; };
		416F297322656C650015ED61 /* BoxueUserSessionRepository.swift */ = {isa = PBXFileReference; lastKnownFileType = sourcecode.swift; path = BoxueUserSessionRepository.swift; sourceTree = "<group>"; };
		416F297922656CE70015ED61 /* UserSessionStore.swift */ = {isa = PBXFileReference; lastKnownFileType = sourcecode.swift; path = UserSessionStore.swift; sourceTree = "<group>"; };
		416F297C22656D6C0015ED61 /* AuthRemoteAPI.swift */ = {isa = PBXFileReference; lastKnownFileType = sourcecode.swift; path = AuthRemoteAPI.swift; sourceTree = "<group>"; };
		416F297E22656FA40015ED61 /* FakeUserSessionStore.swift */ = {isa = PBXFileReference; lastKnownFileType = sourcecode.swift; path = FakeUserSessionStore.swift; sourceTree = "<group>"; };
		416F29802265708B0015ED61 /* DataKitError.swift */ = {isa = PBXFileReference; lastKnownFileType = sourcecode.swift; path = DataKitError.swift; sourceTree = "<group>"; };
		416F2982226570BA0015ED61 /* UserProfile.swift */ = {isa = PBXFileReference; lastKnownFileType = sourcecode.swift; path = UserProfile.swift; sourceTree = "<group>"; };
		416F2985226571550015ED61 /* FakeAuthRemoteAPI.swift */ = {isa = PBXFileReference; lastKnownFileType = sourcecode.swift; path = FakeAuthRemoteAPI.swift; sourceTree = "<group>"; };
		416F2987226571D70015ED61 /* FakeURL.swift */ = {isa = PBXFileReference; lastKnownFileType = sourcecode.swift; path = FakeURL.swift; sourceTree = "<group>"; };
		416F2989226572690015ED61 /* RemoteUserSession.swift */ = {isa = PBXFileReference; lastKnownFileType = sourcecode.swift; path = RemoteUserSession.swift; sourceTree = "<group>"; };
		41780A092265C66B00F22B32 /* BoxueGuideDependencyContainer.swift */ = {isa = PBXFileReference; lastKnownFileType = sourcecode.swift; path = BoxueGuideDependencyContainer.swift; sourceTree = "<group>"; };
		41780A0B2265C6E900F22B32 /* GuideViewModel.swift */ = {isa = PBXFileReference; lastKnownFileType = sourcecode.swift; path = GuideViewModel.swift; sourceTree = "<group>"; };
		41780A122265C7E200F22B32 /* NavigationAction.swift */ = {isa = PBXFileReference; lastKnownFileType = sourcecode.swift; path = NavigationAction.swift; sourceTree = "<group>"; };
		41780A142265C87600F22B32 /* GuideViewStatus.swift */ = {isa = PBXFileReference; lastKnownFileType = sourcecode.swift; path = GuideViewStatus.swift; sourceTree = "<group>"; };
		41780A162265C8F900F22B32 /* NavigateToSignIn.swift */ = {isa = PBXFileReference; lastKnownFileType = sourcecode.swift; path = NavigateToSignIn.swift; sourceTree = "<group>"; };
		41780A182265C91E00F22B32 /* NavigateToSignUp.swift */ = {isa = PBXFileReference; lastKnownFileType = sourcecode.swift; path = NavigateToSignUp.swift; sourceTree = "<group>"; };
		41780A1A2265C93600F22B32 /* NavigateToContactUs.swift */ = {isa = PBXFileReference; lastKnownFileType = sourcecode.swift; path = NavigateToContactUs.swift; sourceTree = "<group>"; };
		41780A1C2265C95600F22B32 /* NavigateToResetPassword.swift */ = {isa = PBXFileReference; lastKnownFileType = sourcecode.swift; path = NavigateToResetPassword.swift; sourceTree = "<group>"; };
		41780A1E2265C97100F22B32 /* NavigateToRequestNotification.swift */ = {isa = PBXFileReference; lastKnownFileType = sourcecode.swift; path = NavigateToRequestNotification.swift; sourceTree = "<group>"; };
		41780A252265CB8500F22B32 /* WelcomeViewController.swift */ = {isa = PBXFileReference; lastKnownFileType = sourcecode.swift; path = WelcomeViewController.swift; sourceTree = "<group>"; };
		41780A272265CCC700F22B32 /* WelcomeViewModel.swift */ = {isa = PBXFileReference; lastKnownFileType = sourcecode.swift; path = WelcomeViewModel.swift; sourceTree = "<group>"; };
		41780A292265CD8E00F22B32 /* UNUserNotificationCenter+Promise.swift */ = {isa = PBXFileReference; lastKnownFileType = sourcecode.swift; path = "UNUserNotificationCenter+Promise.swift"; sourceTree = "<group>"; };
		41780A2B2265F22900F22B32 /* WelcomeRootView.swift */ = {isa = PBXFileReference; lastKnownFileType = sourcecode.swift; path = WelcomeRootView.swift; sourceTree = "<group>"; };
		41780A2D2266FEB300F22B32 /* SignInViewController.swift */ = {isa = PBXFileReference; lastKnownFileType = sourcecode.swift; path = SignInViewController.swift; sourceTree = "<group>"; };
		41780A2F2266FF4E00F22B32 /* SignInViewModel.swift */ = {isa = PBXFileReference; lastKnownFileType = sourcecode.swift; path = SignInViewModel.swift; sourceTree = "<group>"; };
		41780A31226701D100F22B32 /* ErrorMessage.swift */ = {isa = PBXFileReference; lastKnownFileType = sourcecode.swift; path = ErrorMessage.swift; sourceTree = "<group>"; };
		41780A332267089E00F22B32 /* SignInRootView.swift */ = {isa = PBXFileReference; lastKnownFileType = sourcecode.swift; path = SignInRootView.swift; sourceTree = "<group>"; };
		41780A352267391E00F22B32 /* SignUpViewController.swift */ = {isa = PBXFileReference; lastKnownFileType = sourcecode.swift; path = SignUpViewController.swift; sourceTree = "<group>"; };
		41780A372267394900F22B32 /* ContactUsViewController.swift */ = {isa = PBXFileReference; lastKnownFileType = sourcecode.swift; path = ContactUsViewController.swift; sourceTree = "<group>"; };
		41780A3922673C5900F22B32 /* ResetPasswordViewController.swift */ = {isa = PBXFileReference; lastKnownFileType = sourcecode.swift; path = ResetPasswordViewController.swift; sourceTree = "<group>"; };
		41780A3B22673DD300F22B32 /* NotificationViewModel.swift */ = {isa = PBXFileReference; lastKnownFileType = sourcecode.swift; path = NotificationViewModel.swift; sourceTree = "<group>"; };
		41780A3D22673F0000F22B32 /* RequestNotificationRootView.swift */ = {isa = PBXFileReference; lastKnownFileType = sourcecode.swift; path = RequestNotificationRootView.swift; sourceTree = "<group>"; };
		41780A3F2267453700F22B32 /* RequestNotificationViewController.swift */ = {isa = PBXFileReference; lastKnownFileType = sourcecode.swift; path = RequestNotificationViewController.swift; sourceTree = "<group>"; };
		41780A412268168000F22B32 /* BoxueSignedInDependencyContainer.swift */ = {isa = PBXFileReference; lastKnownFileType = sourcecode.swift; path = BoxueSignedInDependencyContainer.swift; sourceTree = "<group>"; };
		41780A432268180C00F22B32 /* BrowseViewModel.swift */ = {isa = PBXFileReference; lastKnownFileType = sourcecode.swift; path = BrowseViewModel.swift; sourceTree = "<group>"; };
		41C2FCB52254BE7000CD7977 /* Boxue.app */ = {isa = PBXFileReference; explicitFileType = wrapper.application; includeInIndex = 0; path = Boxue.app; sourceTree = BUILT_PRODUCTS_DIR; };
		41C2FCB82254BE7000CD7977 /* AppDelegate.swift */ = {isa = PBXFileReference; lastKnownFileType = sourcecode.swift; path = AppDelegate.swift; sourceTree = "<group>"; };
		41C2FCBF2254BE7100CD7977 /* Assets.xcassets */ = {isa = PBXFileReference; lastKnownFileType = folder.assetcatalog; path = Assets.xcassets; sourceTree = "<group>"; };
		41C2FCC22254BE7100CD7977 /* Base */ = {isa = PBXFileReference; lastKnownFileType = file.storyboard; name = Base; path = Base.lproj/LaunchScreen.storyboard; sourceTree = "<group>"; };
		41C2FCC42254BE7100CD7977 /* Info.plist */ = {isa = PBXFileReference; lastKnownFileType = text.plist.xml; path = Info.plist; sourceTree = "<group>"; };
		41C2FCCF2254BE8A00CD7977 /* Boxue_iOS.framework */ = {isa = PBXFileReference; explicitFileType = wrapper.framework; includeInIndex = 0; path = Boxue_iOS.framework; sourceTree = BUILT_PRODUCTS_DIR; };
		41C2FCD12254BE8B00CD7977 /* Boxue_iOS.h */ = {isa = PBXFileReference; lastKnownFileType = sourcecode.c.h; path = Boxue_iOS.h; sourceTree = "<group>"; };
		41C2FCD22254BE8B00CD7977 /* Info.plist */ = {isa = PBXFileReference; lastKnownFileType = text.plist.xml; path = Info.plist; sourceTree = "<group>"; };
		41C2FCE12254BE9300CD7977 /* BoxueUIKit.framework */ = {isa = PBXFileReference; explicitFileType = wrapper.framework; includeInIndex = 0; path = BoxueUIKit.framework; sourceTree = BUILT_PRODUCTS_DIR; };
		41C2FCE32254BE9300CD7977 /* BoxueUIKit.h */ = {isa = PBXFileReference; lastKnownFileType = sourcecode.c.h; path = BoxueUIKit.h; sourceTree = "<group>"; };
		41C2FCE42254BE9300CD7977 /* Info.plist */ = {isa = PBXFileReference; lastKnownFileType = text.plist.xml; path = Info.plist; sourceTree = "<group>"; };
		41C2FCF22254BE9C00CD7977 /* BoxueDataKit.framework */ = {isa = PBXFileReference; explicitFileType = wrapper.framework; includeInIndex = 0; path = BoxueDataKit.framework; sourceTree = BUILT_PRODUCTS_DIR; };
		41C2FCF42254BE9C00CD7977 /* BoxueDataKit.h */ = {isa = PBXFileReference; lastKnownFileType = sourcecode.c.h; path = BoxueDataKit.h; sourceTree = "<group>"; };
		41C2FCF52254BE9C00CD7977 /* Info.plist */ = {isa = PBXFileReference; lastKnownFileType = text.plist.xml; path = Info.plist; sourceTree = "<group>"; };
		41C2FD002254C5E000CD7977 /* Kingfisher.framework */ = {isa = PBXFileReference; lastKnownFileType = wrapper.framework; name = Kingfisher.framework; path = Carthage/Build/iOS/Kingfisher.framework; sourceTree = "<group>"; };
		41C2FD022254C5EE00CD7977 /* PromiseKit.framework */ = {isa = PBXFileReference; lastKnownFileType = wrapper.framework; name = PromiseKit.framework; path = Carthage/Build/iOS/PromiseKit.framework; sourceTree = "<group>"; };
		41C2FD042254C5FA00CD7977 /* RxCocoa.framework */ = {isa = PBXFileReference; lastKnownFileType = wrapper.framework; name = RxCocoa.framework; path = Carthage/Build/iOS/RxCocoa.framework; sourceTree = "<group>"; };
		41C2FD062254C61F00CD7977 /* RxSwift.framework */ = {isa = PBXFileReference; lastKnownFileType = wrapper.framework; name = RxSwift.framework; path = Carthage/Build/iOS/RxSwift.framework; sourceTree = "<group>"; };
		41C2FD082254C72400CD7977 /* .gitignore */ = {isa = PBXFileReference; fileEncoding = 4; lastKnownFileType = text; path = .gitignore; sourceTree = "<group>"; };
		41C2FD0A2254C73500CD7977 /* Cartfile */ = {isa = PBXFileReference; fileEncoding = 4; lastKnownFileType = text; path = Cartfile; sourceTree = "<group>"; };
		41C2FD102254C97A00CD7977 /* en */ = {isa = PBXFileReference; lastKnownFileType = text.plist.strings; name = en; path = en.lproj/Localizable.strings; sourceTree = "<group>"; };
		41C2FD122254C9CB00CD7977 /* zh-Hans */ = {isa = PBXFileReference; lastKnownFileType = text.plist.strings; name = "zh-Hans"; path = "zh-Hans.lproj/Localizable.strings"; sourceTree = "<group>"; };
/* End PBXFileReference section */

/* Begin PBXFrameworksBuildPhase section */
		41C2FCB22254BE7000CD7977 /* Frameworks */ = {
			isa = PBXFrameworksBuildPhase;
			buildActionMask = 2147483647;
			files = (
				41C2FD072254C61F00CD7977 /* RxSwift.framework in Frameworks */,
				41C2FD052254C5FA00CD7977 /* RxCocoa.framework in Frameworks */,
				41C2FD032254C5EE00CD7977 /* PromiseKit.framework in Frameworks */,
				41C2FD012254C5E000CD7977 /* Kingfisher.framework in Frameworks */,
				41C2FCD62254BE8B00CD7977 /* Boxue_iOS.framework in Frameworks */,
				41C2FCF92254BE9C00CD7977 /* BoxueDataKit.framework in Frameworks */,
				41C2FCE82254BE9300CD7977 /* BoxueUIKit.framework in Frameworks */,
			);
			runOnlyForDeploymentPostprocessing = 0;
		};
		41C2FCCC2254BE8A00CD7977 /* Frameworks */ = {
			isa = PBXFrameworksBuildPhase;
			buildActionMask = 2147483647;
			files = (
				416F298C226575D00015ED61 /* BoxueDataKit.framework in Frameworks */,
				416F298B226575C30015ED61 /* BoxueUIKit.framework in Frameworks */,
				416F295922647F840015ED61 /* RxSwift.framework in Frameworks */,
				416F295822647F740015ED61 /* PromiseKit.framework in Frameworks */,
			);
			runOnlyForDeploymentPostprocessing = 0;
		};
		41C2FCDE2254BE9300CD7977 /* Frameworks */ = {
			isa = PBXFrameworksBuildPhase;
			buildActionMask = 2147483647;
			files = (
				416F295322647CD90015ED61 /* BoxueDataKit.framework in Frameworks */,
			);
			runOnlyForDeploymentPostprocessing = 0;
		};
		41C2FCEF2254BE9C00CD7977 /* Frameworks */ = {
			isa = PBXFrameworksBuildPhase;
			buildActionMask = 2147483647;
			files = (
				416F295522647F3E0015ED61 /* RxSwift.framework in Frameworks */,
				416F295422647F300015ED61 /* PromiseKit.framework in Frameworks */,
			);
			runOnlyForDeploymentPostprocessing = 0;
		};
/* End PBXFrameworksBuildPhase section */

/* Begin PBXGroup section */
		414C449E225DE1B100E9B5D1 /* iOSApp */ = {
			isa = PBXGroup;
			children = (
				414C449F225DE1BF00E9B5D1 /* BoxueAppDepedencyContainer.swift */,
				414C44AA225DE74E00E9B5D1 /* LaunchViewController.swift */,
				414C44C6225DEDF000E9B5D1 /* LaunchAndWelcomeView.swift */,
				416F295E226481AB0015ED61 /* LaunchRootView.swift */,
				416F29602264825A0015ED61 /* MainViewController.swift */,
				416F29622264827E0015ED61 /* MainRootView.swift */,
				416F296B22655BB60015ED61 /* PreSignIn */,
				416F296C22655BCA0015ED61 /* SIgnedIn */,
			);
			path = iOSApp;
			sourceTree = "<group>";
		};
		414C44A1225DE22D00E9B5D1 /* Reusable */ = {
			isa = PBXGroup;
			children = (
				414C44A2225DE25300E9B5D1 /* UIKit */,
			);
			path = Reusable;
			sourceTree = "<group>";
		};
		414C44A2225DE25300E9B5D1 /* UIKit */ = {
			isa = PBXGroup;
			children = (
				416F296822655AD30015ED61 /* Transitions */,
				414C44CF225E07E400E9B5D1 /* Font */,
				414C44C8225DF28600E9B5D1 /* Style */,
				414C44A3225DE25C00E9B5D1 /* Nibless */,
				416F29712265618C0015ED61 /* UIViewController_Ext.swift */,
			);
			path = UIKit;
			sourceTree = "<group>";
		};
		414C44A3225DE25C00E9B5D1 /* Nibless */ = {
			isa = PBXGroup;
			children = (
				414C44A4225DE27700E9B5D1 /* NiblessViewController.swift */,
				414C44A6225DE5DE00E9B5D1 /* NiblessNavigationController.swift */,
				414C44A8225DE67100E9B5D1 /* NiblessView.swift */,
			);
			path = Nibless;
			sourceTree = "<group>";
		};
		414C44AC225DE77000E9B5D1 /* DataLayer */ = {
			isa = PBXGroup;
			children = (
				414C44AD225DE77D00E9B5D1 /* Model */,
				414C44AE225DE78400E9B5D1 /* Repositories */,
			);
			path = DataLayer;
			sourceTree = "<group>";
		};
		414C44AD225DE77D00E9B5D1 /* Model */ = {
			isa = PBXGroup;
			children = (
				414C44B6225DE8DE00E9B5D1 /* UserSession.swift */,
				414C44B8225DE92200E9B5D1 /* NewAccount.swift */,
				414C44BA225DE97B00E9B5D1 /* Secret.swift */,
				414C44C3225DEB5500E9B5D1 /* LogMessage.swift */,
				416F29802265708B0015ED61 /* DataKitError.swift */,
				416F2982226570BA0015ED61 /* UserProfile.swift */,
				416F2987226571D70015ED61 /* FakeURL.swift */,
				41780A31226701D100F22B32 /* ErrorMessage.swift */,
			);
			path = Model;
			sourceTree = "<group>";
		};
		414C44AE225DE78400E9B5D1 /* Repositories */ = {
			isa = PBXGroup;
			children = (
				414C44B2225DE7D900E9B5D1 /* UserSessionRepository.swift */,
				416F297322656C650015ED61 /* BoxueUserSessionRepository.swift */,
				416F297522656CAA0015ED61 /* Remote */,
				416F297622656CAF0015ED61 /* Persistence */,
			);
			path = Repositories;
			sourceTree = "<group>";
		};
		414C44AF225DE79700E9B5D1 /* PresentLayer */ = {
			isa = PBXGroup;
			children = (
				414C44B0225DE7A700E9B5D1 /* LaunchViewModel.swift */,
				414C44BF225DEAE800E9B5D1 /* GuideResponder.swift */,
				414C44C1225DEB1500E9B5D1 /* BrowseResponder.swift */,
				416F2964226485730015ED61 /* MainViewModel.swift */,
				416F2966226485CF0015ED61 /* MainViewStatus.swift */,
				41780A0D2265C77C00F22B32 /* Guide */,
				41780A102265C7A200F22B32 /* SignedIn */,
				41780A112265C7B000F22B32 /* Reusable */,
			);
			path = PresentLayer;
			sourceTree = "<group>";
		};
		414C44BC225DEA7500E9B5D1 /* StdLib */ = {
			isa = PBXGroup;
			children = (
				414C44BD225DEA8400E9B5D1 /* Flag.swift */,
				414C44CD225DFB7000E9B5D1 /* String_Localized.swift */,
				41780A292265CD8E00F22B32 /* UNUserNotificationCenter+Promise.swift */,
			);
			path = StdLib;
			sourceTree = "<group>";
		};
		414C44C8225DF28600E9B5D1 /* Style */ = {
			isa = PBXGroup;
			children = (
				414C44C9225DF29000E9B5D1 /* Color.swift */,
				414C44CB225DF33600E9B5D1 /* UIColor_Ext.swift */,
			);
			path = Style;
			sourceTree = "<group>";
		};
		414C44CF225E07E400E9B5D1 /* Font */ = {
			isa = PBXGroup;
			children = (
				414C44D0225E07F900E9B5D1 /* UIFont_Trait.swift */,
			);
			path = Font;
			sourceTree = "<group>";
		};
		416F296822655AD30015ED61 /* Transitions */ = {
			isa = PBXGroup;
			children = (
				416F296922655ADB0015ED61 /* DissolveAnimator.swift */,
			);
			path = Transitions;
			sourceTree = "<group>";
		};
		416F296B22655BB60015ED61 /* PreSignIn */ = {
			isa = PBXGroup;
			children = (
				41780A092265C66B00F22B32 /* BoxueGuideDependencyContainer.swift */,
				416F296D22655C420015ED61 /* GuideViewController.swift */,
				41780A202265CB5100F22B32 /* Welcome */,
				41780A242265CB6B00F22B32 /* ResetPassword */,
				41780A232265CB6600F22B32 /* ContactUs */,
				41780A222265CB5D00F22B32 /* SignIn */,
				41780A212265CB5500F22B32 /* SignUp */,
			);
			path = PreSignIn;
			sourceTree = "<group>";
		};
		416F296C22655BCA0015ED61 /* SIgnedIn */ = {
			isa = PBXGroup;
			children = (
				416F296F22655C4D0015ED61 /* BrowseViewController.swift */,
				41780A3D22673F0000F22B32 /* RequestNotificationRootView.swift */,
				41780A3F2267453700F22B32 /* RequestNotificationViewController.swift */,
				41780A412268168000F22B32 /* BoxueSignedInDependencyContainer.swift */,
			);
			path = SIgnedIn;
			sourceTree = "<group>";
		};
		416F297522656CAA0015ED61 /* Remote */ = {
			isa = PBXGroup;
			children = (
				416F297B22656D580015ED61 /* Auth */,
				416F2989226572690015ED61 /* RemoteUserSession.swift */,
			);
			path = Remote;
			sourceTree = "<group>";
		};
		416F297622656CAF0015ED61 /* Persistence */ = {
			isa = PBXGroup;
			children = (
				416F297722656CBB0015ED61 /* UserSessionStore */,
			);
			path = Persistence;
			sourceTree = "<group>";
		};
		416F297722656CBB0015ED61 /* UserSessionStore */ = {
			isa = PBXGroup;
			children = (
				416F297822656CC90015ED61 /* Implementations */,
				416F297922656CE70015ED61 /* UserSessionStore.swift */,
			);
			path = UserSessionStore;
			sourceTree = "<group>";
		};
		416F297822656CC90015ED61 /* Implementations */ = {
			isa = PBXGroup;
			children = (
				416F297E22656FA40015ED61 /* FakeUserSessionStore.swift */,
			);
			path = Implementations;
			sourceTree = "<group>";
		};
		416F297B22656D580015ED61 /* Auth */ = {
			isa = PBXGroup;
			children = (
				416F2984226571310015ED61 /* Implementations */,
				416F297C22656D6C0015ED61 /* AuthRemoteAPI.swift */,
			);
			path = Auth;
			sourceTree = "<group>";
		};
		416F2984226571310015ED61 /* Implementations */ = {
			isa = PBXGroup;
			children = (
				416F2985226571550015ED61 /* FakeAuthRemoteAPI.swift */,
			);
			path = Implementations;
			sourceTree = "<group>";
		};
		41780A0D2265C77C00F22B32 /* Guide */ = {
			isa = PBXGroup;
			children = (
				41780A0B2265C6E900F22B32 /* GuideViewModel.swift */,
				41780A142265C87600F22B32 /* GuideViewStatus.swift */,
				41780A162265C8F900F22B32 /* NavigateToSignIn.swift */,
				41780A182265C91E00F22B32 /* NavigateToSignUp.swift */,
				41780A1A2265C93600F22B32 /* NavigateToContactUs.swift */,
				41780A1C2265C95600F22B32 /* NavigateToResetPassword.swift */,
				41780A1E2265C97100F22B32 /* NavigateToRequestNotification.swift */,
				41780A0F2265C79300F22B32 /* SIgnIn */,
				41780A0E2265C78F00F22B32 /* Welcome */,
			);
			path = Guide;
			sourceTree = "<group>";
		};
		41780A0E2265C78F00F22B32 /* Welcome */ = {
			isa = PBXGroup;
			children = (
				41780A272265CCC700F22B32 /* WelcomeViewModel.swift */,
			);
			path = Welcome;
			sourceTree = "<group>";
		};
		41780A0F2265C79300F22B32 /* SIgnIn */ = {
			isa = PBXGroup;
			children = (
				41780A2F2266FF4E00F22B32 /* SignInViewModel.swift */,
			);
			path = SIgnIn;
			sourceTree = "<group>";
		};
		41780A102265C7A200F22B32 /* SignedIn */ = {
			isa = PBXGroup;
			children = (
				41780A3B22673DD300F22B32 /* NotificationViewModel.swift */,
				41780A432268180C00F22B32 /* BrowseViewModel.swift */,
			);
			path = SignedIn;
			sourceTree = "<group>";
		};
		41780A112265C7B000F22B32 /* Reusable */ = {
			isa = PBXGroup;
			children = (
				41780A122265C7E200F22B32 /* NavigationAction.swift */,
			);
			path = Reusable;
			sourceTree = "<group>";
		};
		41780A202265CB5100F22B32 /* Welcome */ = {
			isa = PBXGroup;
			children = (
				41780A252265CB8500F22B32 /* WelcomeViewController.swift */,
				41780A2B2265F22900F22B32 /* WelcomeRootView.swift */,
			);
			path = Welcome;
			sourceTree = "<group>";
		};
		41780A212265CB5500F22B32 /* SignUp */ = {
			isa = PBXGroup;
			children = (
				41780A352267391E00F22B32 /* SignUpViewController.swift */,
			);
			path = SignUp;
			sourceTree = "<group>";
		};
		41780A222265CB5D00F22B32 /* SignIn */ = {
			isa = PBXGroup;
			children = (
				41780A2D2266FEB300F22B32 /* SignInViewController.swift */,
				41780A332267089E00F22B32 /* SignInRootView.swift */,
			);
			path = SignIn;
			sourceTree = "<group>";
		};
		41780A232265CB6600F22B32 /* ContactUs */ = {
			isa = PBXGroup;
			children = (
				41780A372267394900F22B32 /* ContactUsViewController.swift */,
			);
			path = ContactUs;
			sourceTree = "<group>";
		};
		41780A242265CB6B00F22B32 /* ResetPassword */ = {
			isa = PBXGroup;
			children = (
				41780A3922673C5900F22B32 /* ResetPasswordViewController.swift */,
			);
			path = ResetPassword;
			sourceTree = "<group>";
		};
		41C2FCAC2254BE7000CD7977 = {
			isa = PBXGroup;
			children = (
				41C2FD082254C72400CD7977 /* .gitignore */,
				41C2FD0A2254C73500CD7977 /* Cartfile */,
				41C2FCB72254BE7000CD7977 /* Boxue */,
				41C2FCD02254BE8B00CD7977 /* Boxue_iOS */,
				41C2FCE22254BE9300CD7977 /* BoxueUIKit */,
				41C2FCF32254BE9C00CD7977 /* BoxueDataKit */,
				41C2FCB62254BE7000CD7977 /* Products */,
				41C2FCFF2254C5E000CD7977 /* Frameworks */,
			);
			sourceTree = "<group>";
		};
		41C2FCB62254BE7000CD7977 /* Products */ = {
			isa = PBXGroup;
			children = (
				41C2FCB52254BE7000CD7977 /* Boxue.app */,
				41C2FCCF2254BE8A00CD7977 /* Boxue_iOS.framework */,
				41C2FCE12254BE9300CD7977 /* BoxueUIKit.framework */,
				41C2FCF22254BE9C00CD7977 /* BoxueDataKit.framework */,
			);
			name = Products;
			sourceTree = "<group>";
		};
		41C2FCB72254BE7000CD7977 /* Boxue */ = {
			isa = PBXGroup;
			children = (
				41C2FCB82254BE7000CD7977 /* AppDelegate.swift */,
				41C2FCBF2254BE7100CD7977 /* Assets.xcassets */,
				41C2FCC12254BE7100CD7977 /* LaunchScreen.storyboard */,
				41C2FD112254C97A00CD7977 /* Localizable.strings */,
				41C2FCC42254BE7100CD7977 /* Info.plist */,
			);
			path = Boxue;
			sourceTree = "<group>";
		};
		41C2FCD02254BE8B00CD7977 /* Boxue_iOS */ = {
			isa = PBXGroup;
			children = (
				414C449E225DE1B100E9B5D1 /* iOSApp */,
				41C2FCD12254BE8B00CD7977 /* Boxue_iOS.h */,
				41C2FCD22254BE8B00CD7977 /* Info.plist */,
			);
			path = Boxue_iOS;
			sourceTree = "<group>";
		};
		41C2FCE22254BE9300CD7977 /* BoxueUIKit */ = {
			isa = PBXGroup;
			children = (
				414C44A1225DE22D00E9B5D1 /* Reusable */,
				41C2FCE32254BE9300CD7977 /* BoxueUIKit.h */,
				41C2FCE42254BE9300CD7977 /* Info.plist */,
			);
			path = BoxueUIKit;
			sourceTree = "<group>";
		};
		41C2FCF32254BE9C00CD7977 /* BoxueDataKit */ = {
			isa = PBXGroup;
			children = (
				414C44BC225DEA7500E9B5D1 /* StdLib */,
				414C44AF225DE79700E9B5D1 /* PresentLayer */,
				414C44AC225DE77000E9B5D1 /* DataLayer */,
				41C2FCF42254BE9C00CD7977 /* BoxueDataKit.h */,
				41C2FCF52254BE9C00CD7977 /* Info.plist */,
			);
			path = BoxueDataKit;
			sourceTree = "<group>";
		};
		41C2FCFF2254C5E000CD7977 /* Frameworks */ = {
			isa = PBXGroup;
			children = (
				41C2FD062254C61F00CD7977 /* RxSwift.framework */,
				41C2FD042254C5FA00CD7977 /* RxCocoa.framework */,
				41C2FD022254C5EE00CD7977 /* PromiseKit.framework */,
				41C2FD002254C5E000CD7977 /* Kingfisher.framework */,
			);
			name = Frameworks;
			sourceTree = "<group>";
		};
/* End PBXGroup section */

/* Begin PBXHeadersBuildPhase section */
		41C2FCCA2254BE8A00CD7977 /* Headers */ = {
			isa = PBXHeadersBuildPhase;
			buildActionMask = 2147483647;
			files = (
				41C2FCD32254BE8B00CD7977 /* Boxue_iOS.h in Headers */,
			);
			runOnlyForDeploymentPostprocessing = 0;
		};
		41C2FCDC2254BE9300CD7977 /* Headers */ = {
			isa = PBXHeadersBuildPhase;
			buildActionMask = 2147483647;
			files = (
				41C2FCE52254BE9300CD7977 /* BoxueUIKit.h in Headers */,
			);
			runOnlyForDeploymentPostprocessing = 0;
		};
		41C2FCED2254BE9C00CD7977 /* Headers */ = {
			isa = PBXHeadersBuildPhase;
			buildActionMask = 2147483647;
			files = (
				41C2FCF62254BE9C00CD7977 /* BoxueDataKit.h in Headers */,
			);
			runOnlyForDeploymentPostprocessing = 0;
		};
/* End PBXHeadersBuildPhase section */

/* Begin PBXNativeTarget section */
		41C2FCB42254BE7000CD7977 /* Boxue */ = {
			isa = PBXNativeTarget;
			buildConfigurationList = 41C2FCC72254BE7100CD7977 /* Build configuration list for PBXNativeTarget "Boxue" */;
			buildPhases = (
				41C2FCB12254BE7000CD7977 /* Sources */,
				41C2FCB22254BE7000CD7977 /* Frameworks */,
				41C2FCB32254BE7000CD7977 /* Resources */,
				41C2FCDB2254BE8B00CD7977 /* Embed Frameworks */,
				416F2952226478100015ED61 /* ShellScript */,
			);
			buildRules = (
			);
			dependencies = (
				41C2FCD52254BE8B00CD7977 /* PBXTargetDependency */,
				41C2FCE72254BE9300CD7977 /* PBXTargetDependency */,
				41C2FCF82254BE9C00CD7977 /* PBXTargetDependency */,
			);
			name = Boxue;
			productName = Boxue;
			productReference = 41C2FCB52254BE7000CD7977 /* Boxue.app */;
			productType = "com.apple.product-type.application";
		};
		41C2FCCE2254BE8A00CD7977 /* Boxue_iOS */ = {
			isa = PBXNativeTarget;
			buildConfigurationList = 41C2FCD82254BE8B00CD7977 /* Build configuration list for PBXNativeTarget "Boxue_iOS" */;
			buildPhases = (
				41C2FCCA2254BE8A00CD7977 /* Headers */,
				41C2FCCB2254BE8A00CD7977 /* Sources */,
				41C2FCCC2254BE8A00CD7977 /* Frameworks */,
				41C2FCCD2254BE8A00CD7977 /* Resources */,
			);
			buildRules = (
			);
			dependencies = (
			);
			name = Boxue_iOS;
			productName = Boxue_iOS;
			productReference = 41C2FCCF2254BE8A00CD7977 /* Boxue_iOS.framework */;
			productType = "com.apple.product-type.framework";
		};
		41C2FCE02254BE9300CD7977 /* BoxueUIKit */ = {
			isa = PBXNativeTarget;
			buildConfigurationList = 41C2FCEA2254BE9400CD7977 /* Build configuration list for PBXNativeTarget "BoxueUIKit" */;
			buildPhases = (
				41C2FCDC2254BE9300CD7977 /* Headers */,
				41C2FCDD2254BE9300CD7977 /* Sources */,
				41C2FCDE2254BE9300CD7977 /* Frameworks */,
				41C2FCDF2254BE9300CD7977 /* Resources */,
			);
			buildRules = (
			);
			dependencies = (
			);
			name = BoxueUIKit;
			productName = BoxueUIKit;
			productReference = 41C2FCE12254BE9300CD7977 /* BoxueUIKit.framework */;
			productType = "com.apple.product-type.framework";
		};
		41C2FCF12254BE9C00CD7977 /* BoxueDataKit */ = {
			isa = PBXNativeTarget;
			buildConfigurationList = 41C2FCFB2254BE9C00CD7977 /* Build configuration list for PBXNativeTarget "BoxueDataKit" */;
			buildPhases = (
				41C2FCED2254BE9C00CD7977 /* Headers */,
				41C2FCEE2254BE9C00CD7977 /* Sources */,
				41C2FCEF2254BE9C00CD7977 /* Frameworks */,
				41C2FCF02254BE9C00CD7977 /* Resources */,
			);
			buildRules = (
			);
			dependencies = (
			);
			name = BoxueDataKit;
			productName = BoxueDataKit;
			productReference = 41C2FCF22254BE9C00CD7977 /* BoxueDataKit.framework */;
			productType = "com.apple.product-type.framework";
		};
/* End PBXNativeTarget section */

/* Begin PBXProject section */
		41C2FCAD2254BE7000CD7977 /* Project object */ = {
			isa = PBXProject;
			attributes = {
				LastSwiftUpdateCheck = 1010;
				LastUpgradeCheck = 1010;
				ORGANIZATIONNAME = NoOrganization;
				TargetAttributes = {
					41C2FCB42254BE7000CD7977 = {
						CreatedOnToolsVersion = 10.1;
					};
					41C2FCCE2254BE8A00CD7977 = {
						CreatedOnToolsVersion = 10.1;
						LastSwiftMigration = 1020;
					};
					41C2FCE02254BE9300CD7977 = {
						CreatedOnToolsVersion = 10.1;
						LastSwiftMigration = 1010;
					};
					41C2FCF12254BE9C00CD7977 = {
						CreatedOnToolsVersion = 10.1;
						LastSwiftMigration = 1010;
					};
				};
			};
			buildConfigurationList = 41C2FCB02254BE7000CD7977 /* Build configuration list for PBXProject "Boxue" */;
			compatibilityVersion = "Xcode 9.3";
			developmentRegion = en;
			hasScannedForEncodings = 0;
			knownRegions = (
				en,
				Base,
				"zh-Hans",
			);
			mainGroup = 41C2FCAC2254BE7000CD7977;
			productRefGroup = 41C2FCB62254BE7000CD7977 /* Products */;
			projectDirPath = "";
			projectRoot = "";
			targets = (
				41C2FCB42254BE7000CD7977 /* Boxue */,
				41C2FCCE2254BE8A00CD7977 /* Boxue_iOS */,
				41C2FCE02254BE9300CD7977 /* BoxueUIKit */,
				41C2FCF12254BE9C00CD7977 /* BoxueDataKit */,
			);
		};
/* End PBXProject section */

/* Begin PBXResourcesBuildPhase section */
		41C2FCB32254BE7000CD7977 /* Resources */ = {
			isa = PBXResourcesBuildPhase;
			buildActionMask = 2147483647;
			files = (
				41C2FD0F2254C97A00CD7977 /* Localizable.strings in Resources */,
				41C2FD0B2254C73500CD7977 /* Cartfile in Resources */,
				41C2FD092254C72400CD7977 /* .gitignore in Resources */,
				41C2FCC32254BE7100CD7977 /* LaunchScreen.storyboard in Resources */,
				41C2FCC02254BE7100CD7977 /* Assets.xcassets in Resources */,
			);
			runOnlyForDeploymentPostprocessing = 0;
		};
		41C2FCCD2254BE8A00CD7977 /* Resources */ = {
			isa = PBXResourcesBuildPhase;
			buildActionMask = 2147483647;
			files = (
			);
			runOnlyForDeploymentPostprocessing = 0;
		};
		41C2FCDF2254BE9300CD7977 /* Resources */ = {
			isa = PBXResourcesBuildPhase;
			buildActionMask = 2147483647;
			files = (
			);
			runOnlyForDeploymentPostprocessing = 0;
		};
		41C2FCF02254BE9C00CD7977 /* Resources */ = {
			isa = PBXResourcesBuildPhase;
			buildActionMask = 2147483647;
			files = (
			);
			runOnlyForDeploymentPostprocessing = 0;
		};
/* End PBXResourcesBuildPhase section */

/* Begin PBXShellScriptBuildPhase section */
		416F2952226478100015ED61 /* ShellScript */ = {
			isa = PBXShellScriptBuildPhase;
			buildActionMask = 2147483647;
			files = (
			);
			inputFileListPaths = (
			);
			inputPaths = (
				"$(SRCROOT)/Carthage/Build/iOS/Kingfisher.framework",
				"$(SRCROOT)/Carthage/Build/iOS/RxSwift.framework",
				"$(SRCROOT)/Carthage/Build/iOS/RxCocoa.framework",
				"$(SRCROOT)/Carthage/Build/iOS/PromiseKit.framework",
			);
			outputFileListPaths = (
			);
			outputPaths = (
				"$(BUILT_PRODUCT_DIR)/$(FRAMEWORKS_FOLD_PATH)/Kingfisher.framework",
				"$(BUILT_PRODUCT_DIR)/$(FRAMEWORKS_FOLD_PATH)/RxSwift.framework",
				"$(BUILT_PRODUCT_DIR)/$(FRAMEWORKS_FOLD_PATH)/RxRocoa.framework",
				"$(BUILT_PRODUCT_DIR)/$(FRAMEWORKS_FOLD_PATH)/PromiseKit.framework",
			);
			runOnlyForDeploymentPostprocessing = 0;
			shellPath = /bin/sh;
			shellScript = "# Type a script or drag a script file from your workspace to insert its path.\n/usr/local/bin/carthage copy-frameworks\n";
		};
/* End PBXShellScriptBuildPhase section */

/* Begin PBXSourcesBuildPhase section */
		41C2FCB12254BE7000CD7977 /* Sources */ = {
			isa = PBXSourcesBuildPhase;
			buildActionMask = 2147483647;
			files = (
				41C2FCB92254BE7000CD7977 /* AppDelegate.swift in Sources */,
			);
			runOnlyForDeploymentPostprocessing = 0;
		};
		41C2FCCB2254BE8A00CD7977 /* Sources */ = {
			isa = PBXSourcesBuildPhase;
			buildActionMask = 2147483647;
			files = (
				414C44C7225DEDF000E9B5D1 /* LaunchAndWelcomeView.swift in Sources */,
				41780A262265CB8500F22B32 /* WelcomeViewController.swift in Sources */,
				41780A382267394900F22B32 /* ContactUsViewController.swift in Sources */,
				41780A3A22673C5900F22B32 /* ResetPasswordViewController.swift in Sources */,
				416F295F226481AB0015ED61 /* LaunchRootView.swift in Sources */,
				414C44A0225DE1BF00E9B5D1 /* BoxueAppDepedencyContainer.swift in Sources */,
				41780A342267089E00F22B32 /* SignInRootView.swift in Sources */,
				416F296E22655C420015ED61 /* GuideViewController.swift in Sources */,
				416F29632264827E0015ED61 /* MainRootView.swift in Sources */,
				414C44AB225DE74E00E9B5D1 /* LaunchViewController.swift in Sources */,
				41780A362267391E00F22B32 /* SignUpViewController.swift in Sources */,
				41780A402267453700F22B32 /* RequestNotificationViewController.swift in Sources */,
				41780A2C2265F22900F22B32 /* WelcomeRootView.swift in Sources */,
				41780A2E2266FEB300F22B32 /* SignInViewController.swift in Sources */,
				41780A3E22673F0000F22B32 /* RequestNotificationRootView.swift in Sources */,
				416F297022655C4D0015ED61 /* BrowseViewController.swift in Sources */,
				41780A422268168000F22B32 /* BoxueSignedInDependencyContainer.swift in Sources */,
				416F29612264825A0015ED61 /* MainViewController.swift in Sources */,
				41780A0A2265C66B00F22B32 /* BoxueGuideDependencyContainer.swift in Sources */,
			);
			runOnlyForDeploymentPostprocessing = 0;
		};
		41C2FCDD2254BE9300CD7977 /* Sources */ = {
			isa = PBXSourcesBuildPhase;
			buildActionMask = 2147483647;
			files = (
				414C44A9225DE67100E9B5D1 /* NiblessView.swift in Sources */,
				414C44D1225E07F900E9B5D1 /* UIFont_Trait.swift in Sources */,
				416F29722265618C0015ED61 /* UIViewController_Ext.swift in Sources */,
				416F296A22655ADB0015ED61 /* DissolveAnimator.swift in Sources */,
				414C44CC225DF33600E9B5D1 /* UIColor_Ext.swift in Sources */,
				414C44CA225DF29000E9B5D1 /* Color.swift in Sources */,
				414C44A7225DE5DE00E9B5D1 /* NiblessNavigationController.swift in Sources */,
				414C44A5225DE27700E9B5D1 /* NiblessViewController.swift in Sources */,
			);
			runOnlyForDeploymentPostprocessing = 0;
		};
		41C2FCEE2254BE9C00CD7977 /* Sources */ = {
			isa = PBXSourcesBuildPhase;
			buildActionMask = 2147483647;
			files = (
				414C44CE225DFB7000E9B5D1 /* String_Localized.swift in Sources */,
				41780A282265CCC700F22B32 /* WelcomeViewModel.swift in Sources */,
				414C44B7225DE8DE00E9B5D1 /* UserSession.swift in Sources */,
				41780A3C22673DD300F22B32 /* NotificationViewModel.swift in Sources */,
				414C44BE225DEA8400E9B5D1 /* Flag.swift in Sources */,
				41780A302266FF4E00F22B32 /* SignInViewModel.swift in Sources */,
				414C44BB225DE97B00E9B5D1 /* Secret.swift in Sources */,
				414C44C4225DEB5500E9B5D1 /* LogMessage.swift in Sources */,
				41780A1F2265C97100F22B32 /* NavigateToRequestNotification.swift in Sources */,
				41780A0C2265C6E900F22B32 /* GuideViewModel.swift in Sources */,
				414C44B1225DE7A700E9B5D1 /* LaunchViewModel.swift in Sources */,
				414C44C2225DEB1500E9B5D1 /* BrowseResponder.swift in Sources */,
				414C44B9225DE92200E9B5D1 /* NewAccount.swift in Sources */,
				416F2983226570BA0015ED61 /* UserProfile.swift in Sources */,
				41780A32226701D100F22B32 /* ErrorMessage.swift in Sources */,
				41780A172265C8F900F22B32 /* NavigateToSignIn.swift in Sources */,
				416F297D22656D6C0015ED61 /* AuthRemoteAPI.swift in Sources */,
				41780A1D2265C95600F22B32 /* NavigateToResetPassword.swift in Sources */,
				41780A132265C7E200F22B32 /* NavigationAction.swift in Sources */,
				416F298A226572690015ED61 /* RemoteUserSession.swift in Sources */,
				416F2988226571D70015ED61 /* FakeURL.swift in Sources */,
				416F29812265708B0015ED61 /* DataKitError.swift in Sources */,
				414C44C0225DEAE800E9B5D1 /* GuideResponder.swift in Sources */,
				416F2986226571550015ED61 /* FakeAuthRemoteAPI.swift in Sources */,
				414C44B3225DE7D900E9B5D1 /* UserSessionRepository.swift in Sources */,
				41780A442268180C00F22B32 /* BrowseViewModel.swift in Sources */,
				416F2965226485730015ED61 /* MainViewModel.swift in Sources */,
				41780A2A2265CD8E00F22B32 /* UNUserNotificationCenter+Promise.swift in Sources */,
				416F297F22656FA40015ED61 /* FakeUserSessionStore.swift in Sources */,
				41780A192265C91E00F22B32 /* NavigateToSignUp.swift in Sources */,
				416F297422656C650015ED61 /* BoxueUserSessionRepository.swift in Sources */,
				41780A152265C87600F22B32 /* GuideViewStatus.swift in Sources */,
				416F2967226485CF0015ED61 /* MainViewStatus.swift in Sources */,
				416F297A22656CE70015ED61 /* UserSessionStore.swift in Sources */,
				41780A1B2265C93600F22B32 /* NavigateToContactUs.swift in Sources */,
			);
			runOnlyForDeploymentPostprocessing = 0;
		};
/* End PBXSourcesBuildPhase section */

/* Begin PBXTargetDependency section */
		41C2FCD52254BE8B00CD7977 /* PBXTargetDependency */ = {
			isa = PBXTargetDependency;
			target = 41C2FCCE2254BE8A00CD7977 /* Boxue_iOS */;
			targetProxy = 41C2FCD42254BE8B00CD7977 /* PBXContainerItemProxy */;
		};
		41C2FCE72254BE9300CD7977 /* PBXTargetDependency */ = {
			isa = PBXTargetDependency;
			target = 41C2FCE02254BE9300CD7977 /* BoxueUIKit */;
			targetProxy = 41C2FCE62254BE9300CD7977 /* PBXContainerItemProxy */;
		};
		41C2FCF82254BE9C00CD7977 /* PBXTargetDependency */ = {
			isa = PBXTargetDependency;
			target = 41C2FCF12254BE9C00CD7977 /* BoxueDataKit */;
			targetProxy = 41C2FCF72254BE9C00CD7977 /* PBXContainerItemProxy */;
		};
/* End PBXTargetDependency section */

/* Begin PBXVariantGroup section */
		41C2FCC12254BE7100CD7977 /* LaunchScreen.storyboard */ = {
			isa = PBXVariantGroup;
			children = (
				41C2FCC22254BE7100CD7977 /* Base */,
			);
			name = LaunchScreen.storyboard;
			sourceTree = "<group>";
		};
		41C2FD112254C97A00CD7977 /* Localizable.strings */ = {
			isa = PBXVariantGroup;
			children = (
				41C2FD102254C97A00CD7977 /* en */,
				41C2FD122254C9CB00CD7977 /* zh-Hans */,
			);
			name = Localizable.strings;
			sourceTree = "<group>";
		};
/* End PBXVariantGroup section */

/* Begin XCBuildConfiguration section */
		41C2FCC52254BE7100CD7977 /* Debug */ = {
			isa = XCBuildConfiguration;
			buildSettings = {
				ALWAYS_SEARCH_USER_PATHS = NO;
				CLANG_ANALYZER_LOCALIZABILITY_NONLOCALIZED = YES;
				CLANG_ANALYZER_NONNULL = YES;
				CLANG_ANALYZER_NUMBER_OBJECT_CONVERSION = YES_AGGRESSIVE;
				CLANG_CXX_LANGUAGE_STANDARD = "gnu++14";
				CLANG_CXX_LIBRARY = "libc++";
				CLANG_ENABLE_MODULES = YES;
				CLANG_ENABLE_OBJC_ARC = YES;
				CLANG_ENABLE_OBJC_WEAK = YES;
				CLANG_WARN_BLOCK_CAPTURE_AUTORELEASING = YES;
				CLANG_WARN_BOOL_CONVERSION = YES;
				CLANG_WARN_COMMA = YES;
				CLANG_WARN_CONSTANT_CONVERSION = YES;
				CLANG_WARN_DEPRECATED_OBJC_IMPLEMENTATIONS = YES;
				CLANG_WARN_DIRECT_OBJC_ISA_USAGE = YES_ERROR;
				CLANG_WARN_DOCUMENTATION_COMMENTS = YES;
				CLANG_WARN_EMPTY_BODY = YES;
				CLANG_WARN_ENUM_CONVERSION = YES;
				CLANG_WARN_INFINITE_RECURSION = YES;
				CLANG_WARN_INT_CONVERSION = YES;
				CLANG_WARN_NON_LITERAL_NULL_CONVERSION = YES;
				CLANG_WARN_OBJC_IMPLICIT_RETAIN_SELF = YES;
				CLANG_WARN_OBJC_LITERAL_CONVERSION = YES;
				CLANG_WARN_OBJC_ROOT_CLASS = YES_ERROR;
				CLANG_WARN_RANGE_LOOP_ANALYSIS = YES;
				CLANG_WARN_STRICT_PROTOTYPES = YES;
				CLANG_WARN_SUSPICIOUS_MOVE = YES;
				CLANG_WARN_UNGUARDED_AVAILABILITY = YES_AGGRESSIVE;
				CLANG_WARN_UNREACHABLE_CODE = YES;
				CLANG_WARN__DUPLICATE_METHOD_MATCH = YES;
				CODE_SIGN_IDENTITY = "iPhone Developer";
				COPY_PHASE_STRIP = NO;
				DEBUG_INFORMATION_FORMAT = dwarf;
				ENABLE_STRICT_OBJC_MSGSEND = YES;
				ENABLE_TESTABILITY = YES;
				GCC_C_LANGUAGE_STANDARD = gnu11;
				GCC_DYNAMIC_NO_PIC = NO;
				GCC_NO_COMMON_BLOCKS = YES;
				GCC_OPTIMIZATION_LEVEL = 0;
				GCC_PREPROCESSOR_DEFINITIONS = (
					"DEBUG=1",
					"$(inherited)",
				);
				GCC_WARN_64_TO_32_BIT_CONVERSION = YES;
				GCC_WARN_ABOUT_RETURN_TYPE = YES_ERROR;
				GCC_WARN_UNDECLARED_SELECTOR = YES;
				GCC_WARN_UNINITIALIZED_AUTOS = YES_AGGRESSIVE;
				GCC_WARN_UNUSED_FUNCTION = YES;
				GCC_WARN_UNUSED_VARIABLE = YES;
				IPHONEOS_DEPLOYMENT_TARGET = 11.0;
				MTL_ENABLE_DEBUG_INFO = INCLUDE_SOURCE;
				MTL_FAST_MATH = YES;
				ONLY_ACTIVE_ARCH = YES;
				SDKROOT = iphoneos;
				SWIFT_ACTIVE_COMPILATION_CONDITIONS = DEBUG;
				SWIFT_OPTIMIZATION_LEVEL = "-Onone";
			};
			name = Debug;
		};
		41C2FCC62254BE7100CD7977 /* Release */ = {
			isa = XCBuildConfiguration;
			buildSettings = {
				ALWAYS_SEARCH_USER_PATHS = NO;
				CLANG_ANALYZER_LOCALIZABILITY_NONLOCALIZED = YES;
				CLANG_ANALYZER_NONNULL = YES;
				CLANG_ANALYZER_NUMBER_OBJECT_CONVERSION = YES_AGGRESSIVE;
				CLANG_CXX_LANGUAGE_STANDARD = "gnu++14";
				CLANG_CXX_LIBRARY = "libc++";
				CLANG_ENABLE_MODULES = YES;
				CLANG_ENABLE_OBJC_ARC = YES;
				CLANG_ENABLE_OBJC_WEAK = YES;
				CLANG_WARN_BLOCK_CAPTURE_AUTORELEASING = YES;
				CLANG_WARN_BOOL_CONVERSION = YES;
				CLANG_WARN_COMMA = YES;
				CLANG_WARN_CONSTANT_CONVERSION = YES;
				CLANG_WARN_DEPRECATED_OBJC_IMPLEMENTATIONS = YES;
				CLANG_WARN_DIRECT_OBJC_ISA_USAGE = YES_ERROR;
				CLANG_WARN_DOCUMENTATION_COMMENTS = YES;
				CLANG_WARN_EMPTY_BODY = YES;
				CLANG_WARN_ENUM_CONVERSION = YES;
				CLANG_WARN_INFINITE_RECURSION = YES;
				CLANG_WARN_INT_CONVERSION = YES;
				CLANG_WARN_NON_LITERAL_NULL_CONVERSION = YES;
				CLANG_WARN_OBJC_IMPLICIT_RETAIN_SELF = YES;
				CLANG_WARN_OBJC_LITERAL_CONVERSION = YES;
				CLANG_WARN_OBJC_ROOT_CLASS = YES_ERROR;
				CLANG_WARN_RANGE_LOOP_ANALYSIS = YES;
				CLANG_WARN_STRICT_PROTOTYPES = YES;
				CLANG_WARN_SUSPICIOUS_MOVE = YES;
				CLANG_WARN_UNGUARDED_AVAILABILITY = YES_AGGRESSIVE;
				CLANG_WARN_UNREACHABLE_CODE = YES;
				CLANG_WARN__DUPLICATE_METHOD_MATCH = YES;
				CODE_SIGN_IDENTITY = "iPhone Developer";
				COPY_PHASE_STRIP = NO;
				DEBUG_INFORMATION_FORMAT = "dwarf-with-dsym";
				ENABLE_NS_ASSERTIONS = NO;
				ENABLE_STRICT_OBJC_MSGSEND = YES;
				GCC_C_LANGUAGE_STANDARD = gnu11;
				GCC_NO_COMMON_BLOCKS = YES;
				GCC_WARN_64_TO_32_BIT_CONVERSION = YES;
				GCC_WARN_ABOUT_RETURN_TYPE = YES_ERROR;
				GCC_WARN_UNDECLARED_SELECTOR = YES;
				GCC_WARN_UNINITIALIZED_AUTOS = YES_AGGRESSIVE;
				GCC_WARN_UNUSED_FUNCTION = YES;
				GCC_WARN_UNUSED_VARIABLE = YES;
				IPHONEOS_DEPLOYMENT_TARGET = 11.0;
				MTL_ENABLE_DEBUG_INFO = NO;
				MTL_FAST_MATH = YES;
				SDKROOT = iphoneos;
				SWIFT_COMPILATION_MODE = wholemodule;
				SWIFT_OPTIMIZATION_LEVEL = "-O";
				VALIDATE_PRODUCT = YES;
			};
			name = Release;
		};
		41C2FCC82254BE7100CD7977 /* Debug */ = {
			isa = XCBuildConfiguration;
			buildSettings = {
				ALWAYS_EMBED_SWIFT_STANDARD_LIBRARIES = YES;
				ASSETCATALOG_COMPILER_APPICON_NAME = AppIcon;
				CODE_SIGN_STYLE = Automatic;
				DEVELOPMENT_TEAM = U272S7D2C9;
				FRAMEWORK_SEARCH_PATHS = (
					"$(inherited)",
					"$(PROJECT_DIR)/Carthage/Build/iOS",
				);
				INFOPLIST_FILE = Boxue/Info.plist;
				IPHONEOS_DEPLOYMENT_TARGET = 11.0;
				LD_RUNPATH_SEARCH_PATHS = (
					"$(inherited)",
					"@executable_path/Frameworks",
				);
				PRODUCT_BUNDLE_IDENTIFIER = com.techsun.zhonghua;
				PRODUCT_NAME = "$(TARGET_NAME)";
				SWIFT_ENABLE_BATCH_MODE = NO;
				SWIFT_VERSION = 4.2;
				TARGETED_DEVICE_FAMILY = "1,2";
			};
			name = Debug;
		};
		41C2FCC92254BE7100CD7977 /* Release */ = {
			isa = XCBuildConfiguration;
			buildSettings = {
				ALWAYS_EMBED_SWIFT_STANDARD_LIBRARIES = YES;
				ASSETCATALOG_COMPILER_APPICON_NAME = AppIcon;
				CODE_SIGN_STYLE = Automatic;
				DEVELOPMENT_TEAM = U272S7D2C9;
				FRAMEWORK_SEARCH_PATHS = (
					"$(inherited)",
					"$(PROJECT_DIR)/Carthage/Build/iOS",
				);
				INFOPLIST_FILE = Boxue/Info.plist;
				IPHONEOS_DEPLOYMENT_TARGET = 11.0;
				LD_RUNPATH_SEARCH_PATHS = (
					"$(inherited)",
					"@executable_path/Frameworks",
				);
				PRODUCT_BUNDLE_IDENTIFIER = com.techsun.zhonghua;
				PRODUCT_NAME = "$(TARGET_NAME)";
				SWIFT_ENABLE_BATCH_MODE = YES;
				SWIFT_VERSION = 4.2;
				TARGETED_DEVICE_FAMILY = "1,2";
			};
			name = Release;
		};
		41C2FCD92254BE8B00CD7977 /* Debug */ = {
			isa = XCBuildConfiguration;
			buildSettings = {
				CLANG_ENABLE_MODULES = YES;
				CODE_SIGN_IDENTITY = "";
				CODE_SIGN_STYLE = Automatic;
				CURRENT_PROJECT_VERSION = 1;
				DEFINES_MODULE = YES;
				DEVELOPMENT_TEAM = U272S7D2C9;
				DYLIB_COMPATIBILITY_VERSION = 1;
				DYLIB_CURRENT_VERSION = 1;
				DYLIB_INSTALL_NAME_BASE = "@rpath";
				FRAMEWORK_SEARCH_PATHS = (
					"$(inherited)",
					"$(PROJECT_DIR)/Carthage/Build/iOS",
				);
				INFOPLIST_FILE = Boxue_iOS/Info.plist;
				INSTALL_PATH = "$(LOCAL_LIBRARY_DIR)/Frameworks";
				LD_RUNPATH_SEARCH_PATHS = (
					"$(inherited)",
					"@executable_path/Frameworks",
					"@loader_path/Frameworks",
				);
				PRODUCT_BUNDLE_IDENTIFIER = "com.techsun.zhonghua.Boxue-iOS";
				PRODUCT_NAME = "$(TARGET_NAME:c99extidentifier)";
				SKIP_INSTALL = YES;
				SWIFT_ENABLE_BATCH_MODE = NO;
				SWIFT_OPTIMIZATION_LEVEL = "-Onone";
				SWIFT_VERSION = 4.2;
				TARGETED_DEVICE_FAMILY = "1,2";
				VERSIONING_SYSTEM = "apple-generic";
				VERSION_INFO_PREFIX = "";
			};
			name = Debug;
		};
		41C2FCDA2254BE8B00CD7977 /* Release */ = {
			isa = XCBuildConfiguration;
			buildSettings = {
				CLANG_ENABLE_MODULES = YES;
				CODE_SIGN_IDENTITY = "";
				CODE_SIGN_STYLE = Automatic;
				CURRENT_PROJECT_VERSION = 1;
				DEFINES_MODULE = YES;
				DEVELOPMENT_TEAM = U272S7D2C9;
				DYLIB_COMPATIBILITY_VERSION = 1;
				DYLIB_CURRENT_VERSION = 1;
				DYLIB_INSTALL_NAME_BASE = "@rpath";
				FRAMEWORK_SEARCH_PATHS = (
					"$(inherited)",
					"$(PROJECT_DIR)/Carthage/Build/iOS",
				);
				INFOPLIST_FILE = Boxue_iOS/Info.plist;
				INSTALL_PATH = "$(LOCAL_LIBRARY_DIR)/Frameworks";
				LD_RUNPATH_SEARCH_PATHS = (
					"$(inherited)",
					"@executable_path/Frameworks",
					"@loader_path/Frameworks",
				);
				PRODUCT_BUNDLE_IDENTIFIER = "com.techsun.zhonghua.Boxue-iOS";
				PRODUCT_NAME = "$(TARGET_NAME:c99extidentifier)";
				SKIP_INSTALL = YES;
				SWIFT_ENABLE_BATCH_MODE = YES;
				SWIFT_VERSION = 4.2;
				TARGETED_DEVICE_FAMILY = "1,2";
				VERSIONING_SYSTEM = "apple-generic";
				VERSION_INFO_PREFIX = "";
			};
			name = Release;
		};
		41C2FCEB2254BE9400CD7977 /* Debug */ = {
			isa = XCBuildConfiguration;
			buildSettings = {
				CLANG_ENABLE_MODULES = YES;
				CODE_SIGN_IDENTITY = "";
				CODE_SIGN_STYLE = Automatic;
				CURRENT_PROJECT_VERSION = 1;
				DEFINES_MODULE = YES;
				DEVELOPMENT_TEAM = U272S7D2C9;
				DYLIB_COMPATIBILITY_VERSION = 1;
				DYLIB_CURRENT_VERSION = 1;
				DYLIB_INSTALL_NAME_BASE = "@rpath";
				INFOPLIST_FILE = BoxueUIKit/Info.plist;
				INSTALL_PATH = "$(LOCAL_LIBRARY_DIR)/Frameworks";
				LD_RUNPATH_SEARCH_PATHS = (
					"$(inherited)",
					"@executable_path/Frameworks",
					"@loader_path/Frameworks",
				);
				PRODUCT_BUNDLE_IDENTIFIER = com.techsun.zhonghua.BoxueUIKit;
				PRODUCT_NAME = "$(TARGET_NAME:c99extidentifier)";
				SKIP_INSTALL = YES;
				SWIFT_ENABLE_BATCH_MODE = NO;
				SWIFT_OPTIMIZATION_LEVEL = "-Onone";
				SWIFT_VERSION = 4.2;
				TARGETED_DEVICE_FAMILY = "1,2";
				VERSIONING_SYSTEM = "apple-generic";
				VERSION_INFO_PREFIX = "";
			};
			name = Debug;
		};
		41C2FCEC2254BE9400CD7977 /* Release */ = {
			isa = XCBuildConfiguration;
			buildSettings = {
				CLANG_ENABLE_MODULES = YES;
				CODE_SIGN_IDENTITY = "";
				CODE_SIGN_STYLE = Automatic;
				CURRENT_PROJECT_VERSION = 1;
				DEFINES_MODULE = YES;
				DEVELOPMENT_TEAM = U272S7D2C9;
				DYLIB_COMPATIBILITY_VERSION = 1;
				DYLIB_CURRENT_VERSION = 1;
				DYLIB_INSTALL_NAME_BASE = "@rpath";
				INFOPLIST_FILE = BoxueUIKit/Info.plist;
				INSTALL_PATH = "$(LOCAL_LIBRARY_DIR)/Frameworks";
				LD_RUNPATH_SEARCH_PATHS = (
					"$(inherited)",
					"@executable_path/Frameworks",
					"@loader_path/Frameworks",
				);
				PRODUCT_BUNDLE_IDENTIFIER = com.techsun.zhonghua.BoxueUIKit;
				PRODUCT_NAME = "$(TARGET_NAME:c99extidentifier)";
				SKIP_INSTALL = YES;
				SWIFT_ENABLE_BATCH_MODE = "";
				SWIFT_VERSION = 4.2;
				TARGETED_DEVICE_FAMILY = "1,2";
				VERSIONING_SYSTEM = "apple-generic";
				VERSION_INFO_PREFIX = "";
			};
			name = Release;
		};
		41C2FCFC2254BE9C00CD7977 /* Debug */ = {
			isa = XCBuildConfiguration;
			buildSettings = {
				CLANG_ENABLE_MODULES = YES;
				CODE_SIGN_IDENTITY = "";
				CODE_SIGN_STYLE = Automatic;
				CURRENT_PROJECT_VERSION = 1;
				DEFINES_MODULE = YES;
				DEVELOPMENT_TEAM = U272S7D2C9;
				DYLIB_COMPATIBILITY_VERSION = 1;
				DYLIB_CURRENT_VERSION = 1;
				DYLIB_INSTALL_NAME_BASE = "@rpath";
				FRAMEWORK_SEARCH_PATHS = (
					"$(inherited)",
					"$(PROJECT_DIR)/Carthage/Build/iOS",
				);
				INFOPLIST_FILE = BoxueDataKit/Info.plist;
				INSTALL_PATH = "$(LOCAL_LIBRARY_DIR)/Frameworks";
				LD_RUNPATH_SEARCH_PATHS = (
					"$(inherited)",
					"@executable_path/Frameworks",
					"@loader_path/Frameworks",
				);
				PRODUCT_BUNDLE_IDENTIFIER = com.techsun.zhonghua.BoxueDataKit;
				PRODUCT_NAME = "$(TARGET_NAME:c99extidentifier)";
				SKIP_INSTALL = YES;
				SWIFT_ENABLE_BATCH_MODE = NO;
				SWIFT_OPTIMIZATION_LEVEL = "-Onone";
				SWIFT_VERSION = 4.2;
				TARGETED_DEVICE_FAMILY = "1,2";
				VERSIONING_SYSTEM = "apple-generic";
				VERSION_INFO_PREFIX = "";
			};
			name = Debug;
		};
		41C2FCFD2254BE9C00CD7977 /* Release */ = {
			isa = XCBuildConfiguration;
			buildSettings = {
				CLANG_ENABLE_MODULES = YES;
				CODE_SIGN_IDENTITY = "";
				CODE_SIGN_STYLE = Automatic;
				CURRENT_PROJECT_VERSION = 1;
				DEFINES_MODULE = YES;
				DEVELOPMENT_TEAM = U272S7D2C9;
				DYLIB_COMPATIBILITY_VERSION = 1;
				DYLIB_CURRENT_VERSION = 1;
				DYLIB_INSTALL_NAME_BASE = "@rpath";
				FRAMEWORK_SEARCH_PATHS = (
					"$(inherited)",
					"$(PROJECT_DIR)/Carthage/Build/iOS",
				);
				INFOPLIST_FILE = BoxueDataKit/Info.plist;
				INSTALL_PATH = "$(LOCAL_LIBRARY_DIR)/Frameworks";
				LD_RUNPATH_SEARCH_PATHS = (
					"$(inherited)",
					"@executable_path/Frameworks",
					"@loader_path/Frameworks",
				);
				PRODUCT_BUNDLE_IDENTIFIER = com.techsun.zhonghua.BoxueDataKit;
				PRODUCT_NAME = "$(TARGET_NAME:c99extidentifier)";
				SKIP_INSTALL = YES;
				SWIFT_ENABLE_BATCH_MODE = YES;
				SWIFT_VERSION = 4.2;
				TARGETED_DEVICE_FAMILY = "1,2";
				VERSIONING_SYSTEM = "apple-generic";
				VERSION_INFO_PREFIX = "";
			};
			name = Release;
		};
/* End XCBuildConfiguration section */

/* Begin XCConfigurationList section */
		41C2FCB02254BE7000CD7977 /* Build configuration list for PBXProject "Boxue" */ = {
			isa = XCConfigurationList;
			buildConfigurations = (
				41C2FCC52254BE7100CD7977 /* Debug */,
				41C2FCC62254BE7100CD7977 /* Release */,
			);
			defaultConfigurationIsVisible = 0;
			defaultConfigurationName = Release;
		};
		41C2FCC72254BE7100CD7977 /* Build configuration list for PBXNativeTarget "Boxue" */ = {
			isa = XCConfigurationList;
			buildConfigurations = (
				41C2FCC82254BE7100CD7977 /* Debug */,
				41C2FCC92254BE7100CD7977 /* Release */,
			);
			defaultConfigurationIsVisible = 0;
			defaultConfigurationName = Release;
		};
		41C2FCD82254BE8B00CD7977 /* Build configuration list for PBXNativeTarget "Boxue_iOS" */ = {
			isa = XCConfigurationList;
			buildConfigurations = (
				41C2FCD92254BE8B00CD7977 /* Debug */,
				41C2FCDA2254BE8B00CD7977 /* Release */,
			);
			defaultConfigurationIsVisible = 0;
			defaultConfigurationName = Release;
		};
		41C2FCEA2254BE9400CD7977 /* Build configuration list for PBXNativeTarget "BoxueUIKit" */ = {
			isa = XCConfigurationList;
			buildConfigurations = (
				41C2FCEB2254BE9400CD7977 /* Debug */,
				41C2FCEC2254BE9400CD7977 /* Release */,
			);
			defaultConfigurationIsVisible = 0;
			defaultConfigurationName = Release;
		};
		41C2FCFB2254BE9C00CD7977 /* Build configuration list for PBXNativeTarget "BoxueDataKit" */ = {
			isa = XCConfigurationList;
			buildConfigurations = (
				41C2FCFC2254BE9C00CD7977 /* Debug */,
				41C2FCFD2254BE9C00CD7977 /* Release */,
			);
			defaultConfigurationIsVisible = 0;
			defaultConfigurationName = Release;
		};
/* End XCConfigurationList section */
	};
	rootObject = 41C2FCAD2254BE7000CD7977 /* Project object */;
}
